// !$*UTF8*$!
{
	archiveVersion = 1;
	classes = {
	};
	objectVersion = 46;
	objects = {

/* Begin PBXBuildFile section */
		AA09C822192D569800317130 /* NavNodeKit.framework in Frameworks */ = {isa = PBXBuildFile; fileRef = AA09C821192D569800317130 /* NavNodeKit.framework */; };
		AA09C87A192FEA0D00317130 /* BNWithdrawl.h in Headers */ = {isa = PBXBuildFile; fileRef = AA09C878192FEA0D00317130 /* BNWithdrawl.h */; settings = {ATTRIBUTES = (Public, ); }; };
		AA09C87B192FEA0D00317130 /* BNWithdrawl.m in Sources */ = {isa = PBXBuildFile; fileRef = AA09C879192FEA0D00317130 /* BNWithdrawl.m */; };
		AA753DC0191079DA00D07CB5 /* bitstream.c in Sources */ = {isa = PBXBuildFile; fileRef = AA753DA8191079DA00D07CB5 /* bitstream.c */; };
		AA753DC1191079DA00D07CB5 /* bitstream.h in Headers */ = {isa = PBXBuildFile; fileRef = AA753DA9191079DA00D07CB5 /* bitstream.h */; };
		AA753DC2191079DA00D07CB5 /* mask.c in Sources */ = {isa = PBXBuildFile; fileRef = AA753DAA191079DA00D07CB5 /* mask.c */; };
		AA753DC3191079DA00D07CB5 /* mask.h in Headers */ = {isa = PBXBuildFile; fileRef = AA753DAB191079DA00D07CB5 /* mask.h */; };
		AA753DC4191079DA00D07CB5 /* qrencode.c in Sources */ = {isa = PBXBuildFile; fileRef = AA753DAC191079DA00D07CB5 /* qrencode.c */; };
		AA753DC5191079DA00D07CB5 /* qrencode.h in Headers */ = {isa = PBXBuildFile; fileRef = AA753DAD191079DA00D07CB5 /* qrencode.h */; };
		AA753DC6191079DA00D07CB5 /* qrinput.c in Sources */ = {isa = PBXBuildFile; fileRef = AA753DAE191079DA00D07CB5 /* qrinput.c */; };
		AA753DC7191079DA00D07CB5 /* qrinput.h in Headers */ = {isa = PBXBuildFile; fileRef = AA753DAF191079DA00D07CB5 /* qrinput.h */; };
		AA753DC8191079DA00D07CB5 /* qrspec.c in Sources */ = {isa = PBXBuildFile; fileRef = AA753DB0191079DA00D07CB5 /* qrspec.c */; };
		AA753DC9191079DA00D07CB5 /* qrspec.h in Headers */ = {isa = PBXBuildFile; fileRef = AA753DB1191079DA00D07CB5 /* qrspec.h */; };
		AA753DCA191079DA00D07CB5 /* rscode.c in Sources */ = {isa = PBXBuildFile; fileRef = AA753DB2191079DA00D07CB5 /* rscode.c */; };
		AA753DCB191079DA00D07CB5 /* rscode.h in Headers */ = {isa = PBXBuildFile; fileRef = AA753DB3191079DA00D07CB5 /* rscode.h */; };
		AA753DCC191079DA00D07CB5 /* split.c in Sources */ = {isa = PBXBuildFile; fileRef = AA753DB4191079DA00D07CB5 /* split.c */; };
		AA753DCD191079DA00D07CB5 /* split.h in Headers */ = {isa = PBXBuildFile; fileRef = AA753DB5191079DA00D07CB5 /* split.h */; };
		AA753DD1191079DA00D07CB5 /* QRCodeGenerator.h in Headers */ = {isa = PBXBuildFile; fileRef = AA753DB9191079DA00D07CB5 /* QRCodeGenerator.h */; settings = {ATTRIBUTES = (Public, ); }; };
		AA753DD2191079DA00D07CB5 /* QRCodeGenerator.m in Sources */ = {isa = PBXBuildFile; fileRef = AA753DBA191079DA00D07CB5 /* QRCodeGenerator.m */; };
		AAB2809E19201B5F005C9D27 /* NSNumber+Bitnash.h in Headers */ = {isa = PBXBuildFile; fileRef = AAB2809C19201B5F005C9D27 /* NSNumber+Bitnash.h */; settings = {ATTRIBUTES = (Public, ); }; };
		AAB2809F19201B5F005C9D27 /* NSNumber+Bitnash.m in Sources */ = {isa = PBXBuildFile; fileRef = AAB2809D19201B5F005C9D27 /* NSNumber+Bitnash.m */; };
		DC261F3A18CD1FEC005328DA /* NSObject+BNJSON.h in Headers */ = {isa = PBXBuildFile; fileRef = DC261F3818CD1FEC005328DA /* NSObject+BNJSON.h */; settings = {ATTRIBUTES = (Public, ); }; };
		DC261F3B18CD1FEC005328DA /* NSObject+BNJSON.m in Sources */ = {isa = PBXBuildFile; fileRef = DC261F3918CD1FEC005328DA /* NSObject+BNJSON.m */; };
		DC261F3E18CD20A4005328DA /* NSArray+BNJSON.h in Headers */ = {isa = PBXBuildFile; fileRef = DC261F3C18CD20A4005328DA /* NSArray+BNJSON.h */; settings = {ATTRIBUTES = (Public, ); }; };
		DC261F3F18CD20A4005328DA /* NSArray+BNJSON.m in Sources */ = {isa = PBXBuildFile; fileRef = DC261F3D18CD20A4005328DA /* NSArray+BNJSON.m */; };
		DC261F4218CD21FB005328DA /* NSDictionary+BNJSON.h in Headers */ = {isa = PBXBuildFile; fileRef = DC261F4018CD21FA005328DA /* NSDictionary+BNJSON.h */; settings = {ATTRIBUTES = (Public, ); }; };
		DC261F4318CD21FB005328DA /* NSDictionary+BNJSON.m in Sources */ = {isa = PBXBuildFile; fileRef = DC261F4118CD21FB005328DA /* NSDictionary+BNJSON.m */; };
		DC2AEAAA192FF4F6004BB65E /* BNMetaDataDb.h in Headers */ = {isa = PBXBuildFile; fileRef = DC2AEAA8192FF4F6004BB65E /* BNMetaDataDb.h */; settings = {ATTRIBUTES = (Public, ); }; };
		DC2AEAAB192FF4F6004BB65E /* BNMetaDataDb.m in Sources */ = {isa = PBXBuildFile; fileRef = DC2AEAA9192FF4F6004BB65E /* BNMetaDataDb.m */; };
		DC350EA6191437CE00C25A01 /* NavKit.framework in Frameworks */ = {isa = PBXBuildFile; fileRef = DC9C8D24191435EB008F4B63 /* NavKit.framework */; };
		DC350EB4191439FD00C25A01 /* BNTransactionsNode.h in Headers */ = {isa = PBXBuildFile; fileRef = DC350EB2191439FD00C25A01 /* BNTransactionsNode.h */; settings = {ATTRIBUTES = (Public, ); }; };
		DC350EB5191439FD00C25A01 /* BNTransactionsNode.m in Sources */ = {isa = PBXBuildFile; fileRef = DC350EB3191439FD00C25A01 /* BNTransactionsNode.m */; };
		DC350EBA1914420000C25A01 /* BNKeysNode.h in Headers */ = {isa = PBXBuildFile; fileRef = DC350EB8191441FF00C25A01 /* BNKeysNode.h */; settings = {ATTRIBUTES = (Public, ); }; };
		DC350EBB1914420000C25A01 /* BNKeysNode.m in Sources */ = {isa = PBXBuildFile; fileRef = DC350EB9191441FF00C25A01 /* BNKeysNode.m */; };
		DC350EEA1916062100C25A01 /* checkpoints in Resources */ = {isa = PBXBuildFile; fileRef = DC350EE71916061500C25A01 /* checkpoints */; };
		DC350EEC191612C200C25A01 /* checkpoints-testnet in Resources */ = {isa = PBXBuildFile; fileRef = DC350EEB191612B300C25A01 /* checkpoints-testnet */; };
		DC4F2FB119039CD0008803F7 /* NSNull+BNJSON.h in Headers */ = {isa = PBXBuildFile; fileRef = DC4F2FAF19039CD0008803F7 /* NSNull+BNJSON.h */; };
		DC4F2FB219039CD0008803F7 /* NSNull+BNJSON.m in Sources */ = {isa = PBXBuildFile; fileRef = DC4F2FB019039CD0008803F7 /* NSNull+BNJSON.m */; };
		DC5A24891910606900D48B14 /* bitcoinj.jar in Resources */ = {isa = PBXBuildFile; fileRef = DC5A24871910605F00D48B14 /* bitcoinj.jar */; };
		DC6161AF18CFBF7900F7B602 /* NSString+BNJSON.h in Headers */ = {isa = PBXBuildFile; fileRef = DC6161AD18CFBF7900F7B602 /* NSString+BNJSON.h */; settings = {ATTRIBUTES = (Public, ); }; };
		DC6161B018CFBF7900F7B602 /* NSString+BNJSON.m in Sources */ = {isa = PBXBuildFile; fileRef = DC6161AE18CFBF7900F7B602 /* NSString+BNJSON.m */; };
		DC85CBB718CBE1D400942C9D /* BitnashKit.h in Headers */ = {isa = PBXBuildFile; fileRef = DC85CBB618CBE13800942C9D /* BitnashKit.h */; settings = {ATTRIBUTES = (Public, ); }; };
		DC90332218CBD1A2005D82A2 /* Cocoa.framework in Frameworks */ = {isa = PBXBuildFile; fileRef = DC90332118CBD1A2005D82A2 /* Cocoa.framework */; };
		DC90332C18CBD1A2005D82A2 /* InfoPlist.strings in Resources */ = {isa = PBXBuildFile; fileRef = DC90332A18CBD1A2005D82A2 /* InfoPlist.strings */; };
		DC90333718CBD1A2005D82A2 /* XCTest.framework in Frameworks */ = {isa = PBXBuildFile; fileRef = DC90333618CBD1A2005D82A2 /* XCTest.framework */; };
		DC90333818CBD1A2005D82A2 /* Cocoa.framework in Frameworks */ = {isa = PBXBuildFile; fileRef = DC90332118CBD1A2005D82A2 /* Cocoa.framework */; };
		DC90333B18CBD1A2005D82A2 /* BitnashKit.framework in Frameworks */ = {isa = PBXBuildFile; fileRef = DC90331E18CBD1A2005D82A2 /* BitnashKit.framework */; };
		DC90334118CBD1A2005D82A2 /* InfoPlist.strings in Resources */ = {isa = PBXBuildFile; fileRef = DC90333F18CBD1A2005D82A2 /* InfoPlist.strings */; };
		DC90334318CBD1A2005D82A2 /* BitnashKitTests.m in Sources */ = {isa = PBXBuildFile; fileRef = DC90334218CBD1A2005D82A2 /* BitnashKitTests.m */; };
		DC90334E18CBD213005D82A2 /* BNWallet.h in Headers */ = {isa = PBXBuildFile; fileRef = DC90334C18CBD213005D82A2 /* BNWallet.h */; settings = {ATTRIBUTES = (Public, ); }; };
		DC90334F18CBD213005D82A2 /* BNWallet.m in Sources */ = {isa = PBXBuildFile; fileRef = DC90334D18CBD213005D82A2 /* BNWallet.m */; };
		DCA62FB018CD2FEC00475735 /* BNServer.h in Headers */ = {isa = PBXBuildFile; fileRef = DCA62FAE18CD2FEC00475735 /* BNServer.h */; settings = {ATTRIBUTES = (Public, ); }; };
		DCA62FB118CD2FEC00475735 /* BNServer.m in Sources */ = {isa = PBXBuildFile; fileRef = DCA62FAF18CD2FEC00475735 /* BNServer.m */; };
		DCAB5D14192C58BB0090BB69 /* BNDepositKey.h in Headers */ = {isa = PBXBuildFile; fileRef = DCAB5D12192C58BB0090BB69 /* BNDepositKey.h */; settings = {ATTRIBUTES = (Public, ); }; };
		DCAB5D15192C58BB0090BB69 /* BNDepositKey.m in Sources */ = {isa = PBXBuildFile; fileRef = DCAB5D13192C58BB0090BB69 /* BNDepositKey.m */; };
		DCB016D1191316730064F540 /* BNKey.h in Headers */ = {isa = PBXBuildFile; fileRef = DCB016CF191316730064F540 /* BNKey.h */; settings = {ATTRIBUTES = (Public, ); }; };
		DCB016D2191316730064F540 /* BNKey.m in Sources */ = {isa = PBXBuildFile; fileRef = DCB016D0191316730064F540 /* BNKey.m */; };
		DCD10B1E18E218F60001B6F4 /* BNMultisigScriptSig.h in Headers */ = {isa = PBXBuildFile; fileRef = DCD10B1C18E218F60001B6F4 /* BNMultisigScriptSig.h */; settings = {ATTRIBUTES = (Public, ); }; };
		DCD10B1F18E218F60001B6F4 /* BNMultisigScriptSig.m in Sources */ = {isa = PBXBuildFile; fileRef = DCD10B1D18E218F60001B6F4 /* BNMultisigScriptSig.m */; };
		DCD10B2218E219A10001B6F4 /* BNPayToAddressScriptSig.h in Headers */ = {isa = PBXBuildFile; fileRef = DCD10B2018E219A10001B6F4 /* BNPayToAddressScriptSig.h */; };
		DCD10B2318E219A10001B6F4 /* BNPayToAddressScriptSig.m in Sources */ = {isa = PBXBuildFile; fileRef = DCD10B2118E219A10001B6F4 /* BNPayToAddressScriptSig.m */; };
		DCD906F318E0DF3600342231 /* BNTx.h in Headers */ = {isa = PBXBuildFile; fileRef = DCD906F118E0DF3600342231 /* BNTx.h */; settings = {ATTRIBUTES = (Public, ); }; };
		DCD906F418E0DF3600342231 /* BNTx.m in Sources */ = {isa = PBXBuildFile; fileRef = DCD906F218E0DF3600342231 /* BNTx.m */; };
		DCE23FB618CC314900F64729 /* BNTxOut.h in Headers */ = {isa = PBXBuildFile; fileRef = DCE23FB418CC314900F64729 /* BNTxOut.h */; settings = {ATTRIBUTES = (Public, ); }; };
		DCE23FB718CC314900F64729 /* BNTxOut.m in Sources */ = {isa = PBXBuildFile; fileRef = DCE23FB518CC314900F64729 /* BNTxOut.m */; };
		DCE23FBA18CC316B00F64729 /* BNTxIn.h in Headers */ = {isa = PBXBuildFile; fileRef = DCE23FB818CC316B00F64729 /* BNTxIn.h */; settings = {ATTRIBUTES = (Public, ); }; };
		DCE23FBB18CC316B00F64729 /* BNTxIn.m in Sources */ = {isa = PBXBuildFile; fileRef = DCE23FB918CC316B00F64729 /* BNTxIn.m */; };
		DCE23FBE18CC326000F64729 /* BNScriptPubKey.h in Headers */ = {isa = PBXBuildFile; fileRef = DCE23FBC18CC326000F64729 /* BNScriptPubKey.h */; settings = {ATTRIBUTES = (Public, ); }; };
		DCE23FBF18CC326000F64729 /* BNScriptPubKey.m in Sources */ = {isa = PBXBuildFile; fileRef = DCE23FBD18CC326000F64729 /* BNScriptPubKey.m */; };
		DCE23FC218CC329600F64729 /* BNMultisigScriptPubKey.h in Headers */ = {isa = PBXBuildFile; fileRef = DCE23FC018CC329600F64729 /* BNMultisigScriptPubKey.h */; settings = {ATTRIBUTES = (Public, ); }; };
		DCE23FC318CC329600F64729 /* BNMultisigScriptPubKey.m in Sources */ = {isa = PBXBuildFile; fileRef = DCE23FC118CC329600F64729 /* BNMultisigScriptPubKey.m */; };
		DCE23FC618CC36C900F64729 /* BNScriptSig.h in Headers */ = {isa = PBXBuildFile; fileRef = DCE23FC418CC36C900F64729 /* BNScriptSig.h */; settings = {ATTRIBUTES = (Public, ); }; };
		DCE23FC718CC36C900F64729 /* BNScriptSig.m in Sources */ = {isa = PBXBuildFile; fileRef = DCE23FC518CC36C900F64729 /* BNScriptSig.m */; };
		DCE3D9CE18CD72A20098DE31 /* BNPayToAddressScriptPubKey.h in Headers */ = {isa = PBXBuildFile; fileRef = DCE3D9CC18CD72A20098DE31 /* BNPayToAddressScriptPubKey.h */; settings = {ATTRIBUTES = (Public, ); }; };
		DCE3D9CF18CD72A20098DE31 /* BNPayToAddressScriptPubKey.m in Sources */ = {isa = PBXBuildFile; fileRef = DCE3D9CD18CD72A20098DE31 /* BNPayToAddressScriptPubKey.m */; };
		DCE5E28B190B02FF0005396A /* org in Resources */ = {isa = PBXBuildFile; fileRef = DCE5E28A190B02FF0005396A /* org */; };
		DCE5E28D190B034D0005396A /* json-simple-1.1.1.jar in Resources */ = {isa = PBXBuildFile; fileRef = DCE5E282190AFF640005396A /* json-simple-1.1.1.jar */; };
		DCE5E28E190B034D0005396A /* slf4j-simple-1.7.6.jar in Resources */ = {isa = PBXBuildFile; fileRef = DCE5E283190AFF640005396A /* slf4j-simple-1.7.6.jar */; };
		DCF1CBFB18FF01CC00AE815A /* BNError.h in Headers */ = {isa = PBXBuildFile; fileRef = DCF1CBF918FF01CC00AE815A /* BNError.h */; settings = {ATTRIBUTES = (Public, ); }; };
		DCF1CBFC18FF01CC00AE815A /* BNError.m in Sources */ = {isa = PBXBuildFile; fileRef = DCF1CBFA18FF01CC00AE815A /* BNError.m */; };
		DCF1CC0218FF20FE00AE815A /* BNObject.h in Headers */ = {isa = PBXBuildFile; fileRef = DCF1CC0018FF20FE00AE815A /* BNObject.h */; settings = {ATTRIBUTES = (Public, ); }; };
		DCF1CC0318FF20FE00AE815A /* BNObject.m in Sources */ = {isa = PBXBuildFile; fileRef = DCF1CC0118FF20FE00AE815A /* BNObject.m */; };
/* End PBXBuildFile section */

/* Begin PBXContainerItemProxy section */
		DC90333918CBD1A2005D82A2 /* PBXContainerItemProxy */ = {
			isa = PBXContainerItemProxy;
			containerPortal = DC90331518CBD1A2005D82A2 /* Project object */;
			proxyType = 1;
			remoteGlobalIDString = DC90331D18CBD1A2005D82A2;
			remoteInfo = BitnashKit;
		};
		DC9C8D23191435EB008F4B63 /* PBXContainerItemProxy */ = {
			isa = PBXContainerItemProxy;
			containerPortal = DC9C8D1B191435EB008F4B63 /* NavKit.xcodeproj */;
			proxyType = 2;
			remoteGlobalIDString = AAE31DCC18FF1C0700405754;
			remoteInfo = NavKit;
		};
		DC9C8D25191435EB008F4B63 /* PBXContainerItemProxy */ = {
			isa = PBXContainerItemProxy;
			containerPortal = DC9C8D1B191435EB008F4B63 /* NavKit.xcodeproj */;
			proxyType = 2;
			remoteGlobalIDString = AAE31DE318FF1C0700405754;
			remoteInfo = NavKitTests;
		};
/* End PBXContainerItemProxy section */

/* Begin PBXFileReference section */
		AA09C821192D569800317130 /* NavNodeKit.framework */ = {isa = PBXFileReference; lastKnownFileType = wrapper.framework; name = NavNodeKit.framework; path = "../../../../Library/Developer/Xcode/DerivedData/BitMarkets-eenrgxhlyrwgqccvbetldvfypzkj/Build/Products/Debug/NavNodeKit.framework"; sourceTree = "<group>"; };
		AA09C878192FEA0D00317130 /* BNWithdrawl.h */ = {isa = PBXFileReference; fileEncoding = 4; lastKnownFileType = sourcecode.c.h; path = BNWithdrawl.h; sourceTree = "<group>"; };
		AA09C879192FEA0D00317130 /* BNWithdrawl.m */ = {isa = PBXFileReference; fileEncoding = 4; lastKnownFileType = sourcecode.c.objc; path = BNWithdrawl.m; sourceTree = "<group>"; };
		AA753DA8191079DA00D07CB5 /* bitstream.c */ = {isa = PBXFileReference; fileEncoding = 4; lastKnownFileType = sourcecode.c.c; path = bitstream.c; sourceTree = "<group>"; };
		AA753DA9191079DA00D07CB5 /* bitstream.h */ = {isa = PBXFileReference; fileEncoding = 4; lastKnownFileType = sourcecode.c.h; path = bitstream.h; sourceTree = "<group>"; };
		AA753DAA191079DA00D07CB5 /* mask.c */ = {isa = PBXFileReference; fileEncoding = 4; lastKnownFileType = sourcecode.c.c; path = mask.c; sourceTree = "<group>"; };
		AA753DAB191079DA00D07CB5 /* mask.h */ = {isa = PBXFileReference; fileEncoding = 4; lastKnownFileType = sourcecode.c.h; path = mask.h; sourceTree = "<group>"; };
		AA753DAC191079DA00D07CB5 /* qrencode.c */ = {isa = PBXFileReference; fileEncoding = 4; lastKnownFileType = sourcecode.c.c; path = qrencode.c; sourceTree = "<group>"; };
		AA753DAD191079DA00D07CB5 /* qrencode.h */ = {isa = PBXFileReference; fileEncoding = 4; lastKnownFileType = sourcecode.c.h; path = qrencode.h; sourceTree = "<group>"; };
		AA753DAE191079DA00D07CB5 /* qrinput.c */ = {isa = PBXFileReference; fileEncoding = 4; lastKnownFileType = sourcecode.c.c; path = qrinput.c; sourceTree = "<group>"; };
		AA753DAF191079DA00D07CB5 /* qrinput.h */ = {isa = PBXFileReference; fileEncoding = 4; lastKnownFileType = sourcecode.c.h; path = qrinput.h; sourceTree = "<group>"; };
		AA753DB0191079DA00D07CB5 /* qrspec.c */ = {isa = PBXFileReference; fileEncoding = 4; lastKnownFileType = sourcecode.c.c; path = qrspec.c; sourceTree = "<group>"; };
		AA753DB1191079DA00D07CB5 /* qrspec.h */ = {isa = PBXFileReference; fileEncoding = 4; lastKnownFileType = sourcecode.c.h; path = qrspec.h; sourceTree = "<group>"; };
		AA753DB2191079DA00D07CB5 /* rscode.c */ = {isa = PBXFileReference; fileEncoding = 4; lastKnownFileType = sourcecode.c.c; path = rscode.c; sourceTree = "<group>"; };
		AA753DB3191079DA00D07CB5 /* rscode.h */ = {isa = PBXFileReference; fileEncoding = 4; lastKnownFileType = sourcecode.c.h; path = rscode.h; sourceTree = "<group>"; };
		AA753DB4191079DA00D07CB5 /* split.c */ = {isa = PBXFileReference; fileEncoding = 4; lastKnownFileType = sourcecode.c.c; path = split.c; sourceTree = "<group>"; };
		AA753DB5191079DA00D07CB5 /* split.h */ = {isa = PBXFileReference; fileEncoding = 4; lastKnownFileType = sourcecode.c.h; path = split.h; sourceTree = "<group>"; };
		AA753DB9191079DA00D07CB5 /* QRCodeGenerator.h */ = {isa = PBXFileReference; fileEncoding = 4; lastKnownFileType = sourcecode.c.h; path = QRCodeGenerator.h; sourceTree = "<group>"; };
		AA753DBA191079DA00D07CB5 /* QRCodeGenerator.m */ = {isa = PBXFileReference; fileEncoding = 4; lastKnownFileType = sourcecode.c.objc; path = QRCodeGenerator.m; sourceTree = "<group>"; };
		AAB2809C19201B5F005C9D27 /* NSNumber+Bitnash.h */ = {isa = PBXFileReference; fileEncoding = 4; lastKnownFileType = sourcecode.c.h; path = "NSNumber+Bitnash.h"; sourceTree = "<group>"; };
		AAB2809D19201B5F005C9D27 /* NSNumber+Bitnash.m */ = {isa = PBXFileReference; fileEncoding = 4; lastKnownFileType = sourcecode.c.objc; path = "NSNumber+Bitnash.m"; sourceTree = "<group>"; };
		DC261F3818CD1FEC005328DA /* NSObject+BNJSON.h */ = {isa = PBXFileReference; fileEncoding = 4; lastKnownFileType = sourcecode.c.h; path = "NSObject+BNJSON.h"; sourceTree = "<group>"; };
		DC261F3918CD1FEC005328DA /* NSObject+BNJSON.m */ = {isa = PBXFileReference; fileEncoding = 4; lastKnownFileType = sourcecode.c.objc; path = "NSObject+BNJSON.m"; sourceTree = "<group>"; };
		DC261F3C18CD20A4005328DA /* NSArray+BNJSON.h */ = {isa = PBXFileReference; fileEncoding = 4; lastKnownFileType = sourcecode.c.h; path = "NSArray+BNJSON.h"; sourceTree = "<group>"; };
		DC261F3D18CD20A4005328DA /* NSArray+BNJSON.m */ = {isa = PBXFileReference; fileEncoding = 4; lastKnownFileType = sourcecode.c.objc; path = "NSArray+BNJSON.m"; sourceTree = "<group>"; };
		DC261F4018CD21FA005328DA /* NSDictionary+BNJSON.h */ = {isa = PBXFileReference; fileEncoding = 4; lastKnownFileType = sourcecode.c.h; path = "NSDictionary+BNJSON.h"; sourceTree = "<group>"; };
		DC261F4118CD21FB005328DA /* NSDictionary+BNJSON.m */ = {isa = PBXFileReference; fileEncoding = 4; lastKnownFileType = sourcecode.c.objc; path = "NSDictionary+BNJSON.m"; sourceTree = "<group>"; };
		DC2AEAA8192FF4F6004BB65E /* BNMetaDataDb.h */ = {isa = PBXFileReference; fileEncoding = 4; lastKnownFileType = sourcecode.c.h; path = BNMetaDataDb.h; sourceTree = "<group>"; };
		DC2AEAA9192FF4F6004BB65E /* BNMetaDataDb.m */ = {isa = PBXFileReference; fileEncoding = 4; lastKnownFileType = sourcecode.c.objc; path = BNMetaDataDb.m; sourceTree = "<group>"; };
		DC350EB2191439FD00C25A01 /* BNTransactionsNode.h */ = {isa = PBXFileReference; fileEncoding = 4; lastKnownFileType = sourcecode.c.h; path = BNTransactionsNode.h; sourceTree = "<group>"; };
		DC350EB3191439FD00C25A01 /* BNTransactionsNode.m */ = {isa = PBXFileReference; fileEncoding = 4; lastKnownFileType = sourcecode.c.objc; path = BNTransactionsNode.m; sourceTree = "<group>"; };
		DC350EB8191441FF00C25A01 /* BNKeysNode.h */ = {isa = PBXFileReference; fileEncoding = 4; lastKnownFileType = sourcecode.c.h; path = BNKeysNode.h; sourceTree = "<group>"; };
		DC350EB9191441FF00C25A01 /* BNKeysNode.m */ = {isa = PBXFileReference; fileEncoding = 4; lastKnownFileType = sourcecode.c.objc; path = BNKeysNode.m; sourceTree = "<group>"; };
		DC350EE71916061500C25A01 /* checkpoints */ = {isa = PBXFileReference; lastKnownFileType = file; name = checkpoints; path = BitnashJ/data/checkpoints; sourceTree = "<group>"; };
		DC350EEB191612B300C25A01 /* checkpoints-testnet */ = {isa = PBXFileReference; lastKnownFileType = file; name = "checkpoints-testnet"; path = "BitnashJ/data/checkpoints-testnet"; sourceTree = "<group>"; };
		DC4F2FAF19039CD0008803F7 /* NSNull+BNJSON.h */ = {isa = PBXFileReference; fileEncoding = 4; lastKnownFileType = sourcecode.c.h; path = "NSNull+BNJSON.h"; sourceTree = "<group>"; };
		DC4F2FB019039CD0008803F7 /* NSNull+BNJSON.m */ = {isa = PBXFileReference; fileEncoding = 4; lastKnownFileType = sourcecode.c.objc; path = "NSNull+BNJSON.m"; sourceTree = "<group>"; };
		DC5A24871910605F00D48B14 /* bitcoinj.jar */ = {isa = PBXFileReference; lastKnownFileType = archive.jar; name = bitcoinj.jar; path = BitnashJ/lib/bitcoinj.jar; sourceTree = "<group>"; };
		DC6161AD18CFBF7900F7B602 /* NSString+BNJSON.h */ = {isa = PBXFileReference; fileEncoding = 4; lastKnownFileType = sourcecode.c.h; path = "NSString+BNJSON.h"; sourceTree = "<group>"; };
		DC6161AE18CFBF7900F7B602 /* NSString+BNJSON.m */ = {isa = PBXFileReference; fileEncoding = 4; lastKnownFileType = sourcecode.c.objc; path = "NSString+BNJSON.m"; sourceTree = "<group>"; };
		DC85CBB618CBE13800942C9D /* BitnashKit.h */ = {isa = PBXFileReference; lastKnownFileType = sourcecode.c.h; path = BitnashKit.h; sourceTree = "<group>"; };
		DC90331E18CBD1A2005D82A2 /* BitnashKit.framework */ = {isa = PBXFileReference; explicitFileType = wrapper.framework; includeInIndex = 0; path = BitnashKit.framework; sourceTree = BUILT_PRODUCTS_DIR; };
		DC90332118CBD1A2005D82A2 /* Cocoa.framework */ = {isa = PBXFileReference; lastKnownFileType = wrapper.framework; name = Cocoa.framework; path = System/Library/Frameworks/Cocoa.framework; sourceTree = SDKROOT; };
		DC90332418CBD1A2005D82A2 /* Foundation.framework */ = {isa = PBXFileReference; lastKnownFileType = wrapper.framework; name = Foundation.framework; path = System/Library/Frameworks/Foundation.framework; sourceTree = SDKROOT; };
		DC90332518CBD1A2005D82A2 /* CoreData.framework */ = {isa = PBXFileReference; lastKnownFileType = wrapper.framework; name = CoreData.framework; path = System/Library/Frameworks/CoreData.framework; sourceTree = SDKROOT; };
		DC90332618CBD1A2005D82A2 /* AppKit.framework */ = {isa = PBXFileReference; lastKnownFileType = wrapper.framework; name = AppKit.framework; path = System/Library/Frameworks/AppKit.framework; sourceTree = SDKROOT; };
		DC90332918CBD1A2005D82A2 /* BitnashKit-Info.plist */ = {isa = PBXFileReference; lastKnownFileType = text.plist.xml; path = "BitnashKit-Info.plist"; sourceTree = "<group>"; };
		DC90332B18CBD1A2005D82A2 /* en */ = {isa = PBXFileReference; lastKnownFileType = text.plist.strings; name = en; path = en.lproj/InfoPlist.strings; sourceTree = "<group>"; };
		DC90332D18CBD1A2005D82A2 /* BitnashKit-Prefix.pch */ = {isa = PBXFileReference; lastKnownFileType = sourcecode.c.h; path = "BitnashKit-Prefix.pch"; sourceTree = "<group>"; };
		DC90333518CBD1A2005D82A2 /* BitnashKitTests.xctest */ = {isa = PBXFileReference; explicitFileType = wrapper.cfbundle; includeInIndex = 0; path = BitnashKitTests.xctest; sourceTree = BUILT_PRODUCTS_DIR; };
		DC90333618CBD1A2005D82A2 /* XCTest.framework */ = {isa = PBXFileReference; lastKnownFileType = wrapper.framework; name = XCTest.framework; path = Library/Frameworks/XCTest.framework; sourceTree = DEVELOPER_DIR; };
		DC90333E18CBD1A2005D82A2 /* BitnashKitTests-Info.plist */ = {isa = PBXFileReference; lastKnownFileType = text.plist.xml; path = "BitnashKitTests-Info.plist"; sourceTree = "<group>"; };
		DC90334018CBD1A2005D82A2 /* en */ = {isa = PBXFileReference; lastKnownFileType = text.plist.strings; name = en; path = en.lproj/InfoPlist.strings; sourceTree = "<group>"; };
		DC90334218CBD1A2005D82A2 /* BitnashKitTests.m */ = {isa = PBXFileReference; lastKnownFileType = sourcecode.c.objc; path = BitnashKitTests.m; sourceTree = "<group>"; };
		DC90334C18CBD213005D82A2 /* BNWallet.h */ = {isa = PBXFileReference; fileEncoding = 4; lastKnownFileType = sourcecode.c.h; path = BNWallet.h; sourceTree = "<group>"; };
		DC90334D18CBD213005D82A2 /* BNWallet.m */ = {isa = PBXFileReference; fileEncoding = 4; lastKnownFileType = sourcecode.c.objc; path = BNWallet.m; sourceTree = "<group>"; };
		DC9C8D1B191435EB008F4B63 /* NavKit.xcodeproj */ = {isa = PBXFileReference; lastKnownFileType = "wrapper.pb-project"; name = NavKit.xcodeproj; path = ../NavKit/NavKit.xcodeproj; sourceTree = "<group>"; };
		DCA62FAE18CD2FEC00475735 /* BNServer.h */ = {isa = PBXFileReference; fileEncoding = 4; lastKnownFileType = sourcecode.c.h; path = BNServer.h; sourceTree = "<group>"; };
		DCA62FAF18CD2FEC00475735 /* BNServer.m */ = {isa = PBXFileReference; fileEncoding = 4; lastKnownFileType = sourcecode.c.objc; path = BNServer.m; sourceTree = "<group>"; };
		DCAB5D12192C58BB0090BB69 /* BNDepositKey.h */ = {isa = PBXFileReference; fileEncoding = 4; lastKnownFileType = sourcecode.c.h; path = BNDepositKey.h; sourceTree = "<group>"; };
		DCAB5D13192C58BB0090BB69 /* BNDepositKey.m */ = {isa = PBXFileReference; fileEncoding = 4; lastKnownFileType = sourcecode.c.objc; path = BNDepositKey.m; sourceTree = "<group>"; };
		DCB016CF191316730064F540 /* BNKey.h */ = {isa = PBXFileReference; fileEncoding = 4; lastKnownFileType = sourcecode.c.h; path = BNKey.h; sourceTree = "<group>"; };
		DCB016D0191316730064F540 /* BNKey.m */ = {isa = PBXFileReference; fileEncoding = 4; lastKnownFileType = sourcecode.c.objc; path = BNKey.m; sourceTree = "<group>"; };
		DCD10B1C18E218F60001B6F4 /* BNMultisigScriptSig.h */ = {isa = PBXFileReference; fileEncoding = 4; lastKnownFileType = sourcecode.c.h; path = BNMultisigScriptSig.h; sourceTree = "<group>"; };
		DCD10B1D18E218F60001B6F4 /* BNMultisigScriptSig.m */ = {isa = PBXFileReference; fileEncoding = 4; lastKnownFileType = sourcecode.c.objc; path = BNMultisigScriptSig.m; sourceTree = "<group>"; };
		DCD10B2018E219A10001B6F4 /* BNPayToAddressScriptSig.h */ = {isa = PBXFileReference; fileEncoding = 4; lastKnownFileType = sourcecode.c.h; path = BNPayToAddressScriptSig.h; sourceTree = "<group>"; };
		DCD10B2118E219A10001B6F4 /* BNPayToAddressScriptSig.m */ = {isa = PBXFileReference; fileEncoding = 4; lastKnownFileType = sourcecode.c.objc; path = BNPayToAddressScriptSig.m; sourceTree = "<group>"; };
		DCD906F118E0DF3600342231 /* BNTx.h */ = {isa = PBXFileReference; fileEncoding = 4; lastKnownFileType = sourcecode.c.h; path = BNTx.h; sourceTree = "<group>"; };
		DCD906F218E0DF3600342231 /* BNTx.m */ = {isa = PBXFileReference; fileEncoding = 4; lastKnownFileType = sourcecode.c.objc; path = BNTx.m; sourceTree = "<group>"; };
		DCE23FB418CC314900F64729 /* BNTxOut.h */ = {isa = PBXFileReference; fileEncoding = 4; lastKnownFileType = sourcecode.c.h; path = BNTxOut.h; sourceTree = "<group>"; };
		DCE23FB518CC314900F64729 /* BNTxOut.m */ = {isa = PBXFileReference; fileEncoding = 4; lastKnownFileType = sourcecode.c.objc; path = BNTxOut.m; sourceTree = "<group>"; };
		DCE23FB818CC316B00F64729 /* BNTxIn.h */ = {isa = PBXFileReference; fileEncoding = 4; lastKnownFileType = sourcecode.c.h; path = BNTxIn.h; sourceTree = "<group>"; };
		DCE23FB918CC316B00F64729 /* BNTxIn.m */ = {isa = PBXFileReference; fileEncoding = 4; lastKnownFileType = sourcecode.c.objc; path = BNTxIn.m; sourceTree = "<group>"; };
		DCE23FBC18CC326000F64729 /* BNScriptPubKey.h */ = {isa = PBXFileReference; fileEncoding = 4; lastKnownFileType = sourcecode.c.h; path = BNScriptPubKey.h; sourceTree = "<group>"; };
		DCE23FBD18CC326000F64729 /* BNScriptPubKey.m */ = {isa = PBXFileReference; fileEncoding = 4; lastKnownFileType = sourcecode.c.objc; path = BNScriptPubKey.m; sourceTree = "<group>"; };
		DCE23FC018CC329600F64729 /* BNMultisigScriptPubKey.h */ = {isa = PBXFileReference; fileEncoding = 4; lastKnownFileType = sourcecode.c.h; path = BNMultisigScriptPubKey.h; sourceTree = "<group>"; };
		DCE23FC118CC329600F64729 /* BNMultisigScriptPubKey.m */ = {isa = PBXFileReference; fileEncoding = 4; lastKnownFileType = sourcecode.c.objc; path = BNMultisigScriptPubKey.m; sourceTree = "<group>"; };
		DCE23FC418CC36C900F64729 /* BNScriptSig.h */ = {isa = PBXFileReference; fileEncoding = 4; lastKnownFileType = sourcecode.c.h; path = BNScriptSig.h; sourceTree = "<group>"; };
		DCE23FC518CC36C900F64729 /* BNScriptSig.m */ = {isa = PBXFileReference; fileEncoding = 4; lastKnownFileType = sourcecode.c.objc; path = BNScriptSig.m; sourceTree = "<group>"; };
		DCE3D9CC18CD72A20098DE31 /* BNPayToAddressScriptPubKey.h */ = {isa = PBXFileReference; fileEncoding = 4; lastKnownFileType = sourcecode.c.h; path = BNPayToAddressScriptPubKey.h; sourceTree = "<group>"; };
		DCE3D9CD18CD72A20098DE31 /* BNPayToAddressScriptPubKey.m */ = {isa = PBXFileReference; fileEncoding = 4; lastKnownFileType = sourcecode.c.objc; path = BNPayToAddressScriptPubKey.m; sourceTree = "<group>"; };
		DCE5E282190AFF640005396A /* json-simple-1.1.1.jar */ = {isa = PBXFileReference; lastKnownFileType = archive.jar; name = "json-simple-1.1.1.jar"; path = "BitnashJ/lib/json-simple-1.1.1.jar"; sourceTree = "<group>"; };
		DCE5E283190AFF640005396A /* slf4j-simple-1.7.6.jar */ = {isa = PBXFileReference; lastKnownFileType = archive.jar; name = "slf4j-simple-1.7.6.jar"; path = "BitnashJ/lib/slf4j-simple-1.7.6.jar"; sourceTree = "<group>"; };
		DCE5E28A190B02FF0005396A /* org */ = {isa = PBXFileReference; lastKnownFileType = folder; name = org; path = BitnashJ/bin/org; sourceTree = "<group>"; };
		DCF1CBF918FF01CC00AE815A /* BNError.h */ = {isa = PBXFileReference; fileEncoding = 4; lastKnownFileType = sourcecode.c.h; path = BNError.h; sourceTree = "<group>"; };
		DCF1CBFA18FF01CC00AE815A /* BNError.m */ = {isa = PBXFileReference; fileEncoding = 4; lastKnownFileType = sourcecode.c.objc; path = BNError.m; sourceTree = "<group>"; };
		DCF1CC0018FF20FE00AE815A /* BNObject.h */ = {isa = PBXFileReference; fileEncoding = 4; lastKnownFileType = sourcecode.c.h; path = BNObject.h; sourceTree = "<group>"; };
		DCF1CC0118FF20FE00AE815A /* BNObject.m */ = {isa = PBXFileReference; fileEncoding = 4; lastKnownFileType = sourcecode.c.objc; path = BNObject.m; sourceTree = "<group>"; };
/* End PBXFileReference section */

/* Begin PBXFrameworksBuildPhase section */
		DC90331A18CBD1A2005D82A2 /* Frameworks */ = {
			isa = PBXFrameworksBuildPhase;
			buildActionMask = 2147483647;
			files = (
				AA09C822192D569800317130 /* NavNodeKit.framework in Frameworks */,
				DC350EA6191437CE00C25A01 /* NavKit.framework in Frameworks */,
				DC90332218CBD1A2005D82A2 /* Cocoa.framework in Frameworks */,
			);
			runOnlyForDeploymentPostprocessing = 0;
		};
		DC90333218CBD1A2005D82A2 /* Frameworks */ = {
			isa = PBXFrameworksBuildPhase;
			buildActionMask = 2147483647;
			files = (
				DC90333B18CBD1A2005D82A2 /* BitnashKit.framework in Frameworks */,
				DC90333818CBD1A2005D82A2 /* Cocoa.framework in Frameworks */,
				DC90333718CBD1A2005D82A2 /* XCTest.framework in Frameworks */,
			);
			runOnlyForDeploymentPostprocessing = 0;
		};
/* End PBXFrameworksBuildPhase section */

/* Begin PBXGroup section */
		AA753D9E191079DA00D07CB5 /* Mac-QR-Code-Encoder */ = {
			isa = PBXGroup;
			children = (
				AA753DA7191079DA00D07CB5 /* libqrencode */,
				AA753DB9191079DA00D07CB5 /* QRCodeGenerator.h */,
				AA753DBA191079DA00D07CB5 /* QRCodeGenerator.m */,
			);
			name = "Mac-QR-Code-Encoder";
			path = "BitnashKitExample/Mac-QR-Code-Encoder-master/Mac-QR-Code-Encoder";
			sourceTree = SOURCE_ROOT;
		};
		AA753DA7191079DA00D07CB5 /* libqrencode */ = {
			isa = PBXGroup;
			children = (
				AA753DA8191079DA00D07CB5 /* bitstream.c */,
				AA753DA9191079DA00D07CB5 /* bitstream.h */,
				AA753DAA191079DA00D07CB5 /* mask.c */,
				AA753DAB191079DA00D07CB5 /* mask.h */,
				AA753DAC191079DA00D07CB5 /* qrencode.c */,
				AA753DAD191079DA00D07CB5 /* qrencode.h */,
				AA753DAE191079DA00D07CB5 /* qrinput.c */,
				AA753DAF191079DA00D07CB5 /* qrinput.h */,
				AA753DB0191079DA00D07CB5 /* qrspec.c */,
				AA753DB1191079DA00D07CB5 /* qrspec.h */,
				AA753DB2191079DA00D07CB5 /* rscode.c */,
				AA753DB3191079DA00D07CB5 /* rscode.h */,
				AA753DB4191079DA00D07CB5 /* split.c */,
				AA753DB5191079DA00D07CB5 /* split.h */,
			);
			path = libqrencode;
			sourceTree = "<group>";
		};
		DC261F4D18CD2E1A005328DA /* BitnashJ */ = {
			isa = PBXGroup;
			children = (
				DC350EEB191612B300C25A01 /* checkpoints-testnet */,
				DC350EE71916061500C25A01 /* checkpoints */,
				DCE5E28A190B02FF0005396A /* org */,
				DCE5E282190AFF640005396A /* json-simple-1.1.1.jar */,
				DCE5E283190AFF640005396A /* slf4j-simple-1.7.6.jar */,
				DC5A24871910605F00D48B14 /* bitcoinj.jar */,
			);
			name = BitnashJ;
			sourceTree = "<group>";
		};
		DC90331418CBD1A2005D82A2 = {
			isa = PBXGroup;
			children = (
				AA09C878192FEA0D00317130 /* BNWithdrawl.h */,
				AA09C879192FEA0D00317130 /* BNWithdrawl.m */,
				DC261F4D18CD2E1A005328DA /* BitnashJ */,
				DC90332718CBD1A2005D82A2 /* BitnashKit */,
				DC90333C18CBD1A2005D82A2 /* BitnashKitTests */,
				DC90332018CBD1A2005D82A2 /* Frameworks */,
				DC90331F18CBD1A2005D82A2 /* Products */,
				DC9C8D1B191435EB008F4B63 /* NavKit.xcodeproj */,
			);
			sourceTree = "<group>";
		};
		DC90331F18CBD1A2005D82A2 /* Products */ = {
			isa = PBXGroup;
			children = (
				DC90331E18CBD1A2005D82A2 /* BitnashKit.framework */,
				DC90333518CBD1A2005D82A2 /* BitnashKitTests.xctest */,
			);
			name = Products;
			sourceTree = "<group>";
		};
		DC90332018CBD1A2005D82A2 /* Frameworks */ = {
			isa = PBXGroup;
			children = (
				AA09C821192D569800317130 /* NavNodeKit.framework */,
				DC90332118CBD1A2005D82A2 /* Cocoa.framework */,
				DC90333618CBD1A2005D82A2 /* XCTest.framework */,
				DC90332318CBD1A2005D82A2 /* Other Frameworks */,
			);
			name = Frameworks;
			sourceTree = "<group>";
		};
		DC90332318CBD1A2005D82A2 /* Other Frameworks */ = {
			isa = PBXGroup;
			children = (
				DC90332418CBD1A2005D82A2 /* Foundation.framework */,
				DC90332518CBD1A2005D82A2 /* CoreData.framework */,
				DC90332618CBD1A2005D82A2 /* AppKit.framework */,
			);
			name = "Other Frameworks";
			sourceTree = "<group>";
		};
		DC90332718CBD1A2005D82A2 /* BitnashKit */ = {
			isa = PBXGroup;
			children = (
				AA753D9E191079DA00D07CB5 /* Mac-QR-Code-Encoder */,
				DC90332818CBD1A2005D82A2 /* Supporting Files */,
				DC85CBB618CBE13800942C9D /* BitnashKit.h */,
				DCA62FAE18CD2FEC00475735 /* BNServer.h */,
				DCA62FAF18CD2FEC00475735 /* BNServer.m */,
				DCF1CC0018FF20FE00AE815A /* BNObject.h */,
				DCF1CC0118FF20FE00AE815A /* BNObject.m */,
				DC90334C18CBD213005D82A2 /* BNWallet.h */,
				DC90334D18CBD213005D82A2 /* BNWallet.m */,
				DC350EB2191439FD00C25A01 /* BNTransactionsNode.h */,
				DC350EB3191439FD00C25A01 /* BNTransactionsNode.m */,
				DC350EB8191441FF00C25A01 /* BNKeysNode.h */,
				DC350EB9191441FF00C25A01 /* BNKeysNode.m */,
				DCB016CF191316730064F540 /* BNKey.h */,
				DCB016D0191316730064F540 /* BNKey.m */,
				DCAB5D12192C58BB0090BB69 /* BNDepositKey.h */,
				DCAB5D13192C58BB0090BB69 /* BNDepositKey.m */,
				DCD906F118E0DF3600342231 /* BNTx.h */,
				DCD906F218E0DF3600342231 /* BNTx.m */,
				DCE23FB818CC316B00F64729 /* BNTxIn.h */,
				DCE23FB918CC316B00F64729 /* BNTxIn.m */,
				DCE23FB418CC314900F64729 /* BNTxOut.h */,
				DCE23FB518CC314900F64729 /* BNTxOut.m */,
				DCE23FBC18CC326000F64729 /* BNScriptPubKey.h */,
				DCE23FBD18CC326000F64729 /* BNScriptPubKey.m */,
				DCE3D9CC18CD72A20098DE31 /* BNPayToAddressScriptPubKey.h */,
				DCE3D9CD18CD72A20098DE31 /* BNPayToAddressScriptPubKey.m */,
				DCE23FC018CC329600F64729 /* BNMultisigScriptPubKey.h */,
				DCE23FC118CC329600F64729 /* BNMultisigScriptPubKey.m */,
				DCE23FC418CC36C900F64729 /* BNScriptSig.h */,
				DCE23FC518CC36C900F64729 /* BNScriptSig.m */,
				DCD10B2018E219A10001B6F4 /* BNPayToAddressScriptSig.h */,
				DCD10B2118E219A10001B6F4 /* BNPayToAddressScriptSig.m */,
				DCD10B1C18E218F60001B6F4 /* BNMultisigScriptSig.h */,
				DCD10B1D18E218F60001B6F4 /* BNMultisigScriptSig.m */,
				DC261F3818CD1FEC005328DA /* NSObject+BNJSON.h */,
				DC261F3918CD1FEC005328DA /* NSObject+BNJSON.m */,
				DC261F3C18CD20A4005328DA /* NSArray+BNJSON.h */,
				DC261F3D18CD20A4005328DA /* NSArray+BNJSON.m */,
				DC261F4018CD21FA005328DA /* NSDictionary+BNJSON.h */,
				DC261F4118CD21FB005328DA /* NSDictionary+BNJSON.m */,
				DC6161AD18CFBF7900F7B602 /* NSString+BNJSON.h */,
				DC6161AE18CFBF7900F7B602 /* NSString+BNJSON.m */,
				DCF1CBF918FF01CC00AE815A /* BNError.h */,
				DCF1CBFA18FF01CC00AE815A /* BNError.m */,
				DC4F2FAF19039CD0008803F7 /* NSNull+BNJSON.h */,
				DC4F2FB019039CD0008803F7 /* NSNull+BNJSON.m */,
				AAB2809C19201B5F005C9D27 /* NSNumber+Bitnash.h */,
				AAB2809D19201B5F005C9D27 /* NSNumber+Bitnash.m */,
				DC2AEAA8192FF4F6004BB65E /* BNMetaDataDb.h */,
				DC2AEAA9192FF4F6004BB65E /* BNMetaDataDb.m */,
			);
			path = BitnashKit;
			sourceTree = "<group>";
		};
		DC90332818CBD1A2005D82A2 /* Supporting Files */ = {
			isa = PBXGroup;
			children = (
				DC90332918CBD1A2005D82A2 /* BitnashKit-Info.plist */,
				DC90332A18CBD1A2005D82A2 /* InfoPlist.strings */,
				DC90332D18CBD1A2005D82A2 /* BitnashKit-Prefix.pch */,
			);
			name = "Supporting Files";
			sourceTree = "<group>";
		};
		DC90333C18CBD1A2005D82A2 /* BitnashKitTests */ = {
			isa = PBXGroup;
			children = (
				DC90334218CBD1A2005D82A2 /* BitnashKitTests.m */,
				DC90333D18CBD1A2005D82A2 /* Supporting Files */,
			);
			path = BitnashKitTests;
			sourceTree = "<group>";
		};
		DC90333D18CBD1A2005D82A2 /* Supporting Files */ = {
			isa = PBXGroup;
			children = (
				DC90333E18CBD1A2005D82A2 /* BitnashKitTests-Info.plist */,
				DC90333F18CBD1A2005D82A2 /* InfoPlist.strings */,
			);
			name = "Supporting Files";
			sourceTree = "<group>";
		};
		DC9C8D1C191435EB008F4B63 /* Products */ = {
			isa = PBXGroup;
			children = (
				DC9C8D24191435EB008F4B63 /* NavKit.framework */,
				DC9C8D26191435EB008F4B63 /* NavKitTests.xctest */,
			);
			name = Products;
			sourceTree = "<group>";
		};
/* End PBXGroup section */

/* Begin PBXHeadersBuildPhase section */
		DC90331B18CBD1A2005D82A2 /* Headers */ = {
			isa = PBXHeadersBuildPhase;
			buildActionMask = 2147483647;
			files = (
				DCF1CBFB18FF01CC00AE815A /* BNError.h in Headers */,
				DCD10B2218E219A10001B6F4 /* BNPayToAddressScriptSig.h in Headers */,
				AA753DC7191079DA00D07CB5 /* qrinput.h in Headers */,
				DC350EBA1914420000C25A01 /* BNKeysNode.h in Headers */,
				AA753DC9191079DA00D07CB5 /* qrspec.h in Headers */,
				DCE3D9CE18CD72A20098DE31 /* BNPayToAddressScriptPubKey.h in Headers */,
				DC90334E18CBD213005D82A2 /* BNWallet.h in Headers */,
				DC85CBB718CBE1D400942C9D /* BitnashKit.h in Headers */,
				DCA62FB018CD2FEC00475735 /* BNServer.h in Headers */,
				DC261F3E18CD20A4005328DA /* NSArray+BNJSON.h in Headers */,
				AA753DCD191079DA00D07CB5 /* split.h in Headers */,
				AA753DC1191079DA00D07CB5 /* bitstream.h in Headers */,
				DCE23FC618CC36C900F64729 /* BNScriptSig.h in Headers */,
				DCE23FB618CC314900F64729 /* BNTxOut.h in Headers */,
				AA753DCB191079DA00D07CB5 /* rscode.h in Headers */,
				DCD10B1E18E218F60001B6F4 /* BNMultisigScriptSig.h in Headers */,
				DCD906F318E0DF3600342231 /* BNTx.h in Headers */,
				DCE23FBA18CC316B00F64729 /* BNTxIn.h in Headers */,
				AA753DD1191079DA00D07CB5 /* QRCodeGenerator.h in Headers */,
				DCE23FBE18CC326000F64729 /* BNScriptPubKey.h in Headers */,
				AAB2809E19201B5F005C9D27 /* NSNumber+Bitnash.h in Headers */,
				DCAB5D14192C58BB0090BB69 /* BNDepositKey.h in Headers */,
				AA09C87A192FEA0D00317130 /* BNWithdrawl.h in Headers */,
				DC261F3A18CD1FEC005328DA /* NSObject+BNJSON.h in Headers */,
				DC4F2FB119039CD0008803F7 /* NSNull+BNJSON.h in Headers */,
				AA753DC3191079DA00D07CB5 /* mask.h in Headers */,
				DCB016D1191316730064F540 /* BNKey.h in Headers */,
				DC2AEAAA192FF4F6004BB65E /* BNMetaDataDb.h in Headers */,
				DCF1CC0218FF20FE00AE815A /* BNObject.h in Headers */,
				DC350EB4191439FD00C25A01 /* BNTransactionsNode.h in Headers */,
				DC261F4218CD21FB005328DA /* NSDictionary+BNJSON.h in Headers */,
				DC6161AF18CFBF7900F7B602 /* NSString+BNJSON.h in Headers */,
				DCE23FC218CC329600F64729 /* BNMultisigScriptPubKey.h in Headers */,
				AA753DC5191079DA00D07CB5 /* qrencode.h in Headers */,
			);
			runOnlyForDeploymentPostprocessing = 0;
		};
/* End PBXHeadersBuildPhase section */

/* Begin PBXNativeTarget section */
		DC90331D18CBD1A2005D82A2 /* BitnashKit */ = {
			isa = PBXNativeTarget;
			buildConfigurationList = DC90334618CBD1A2005D82A2 /* Build configuration list for PBXNativeTarget "BitnashKit" */;
			buildPhases = (
				DC90331918CBD1A2005D82A2 /* Sources */,
				DC90331A18CBD1A2005D82A2 /* Frameworks */,
				DC90331B18CBD1A2005D82A2 /* Headers */,
				DC90331C18CBD1A2005D82A2 /* Resources */,
			);
			buildRules = (
			);
			dependencies = (
			);
			name = BitnashKit;
			productName = BitnashKit;
			productReference = DC90331E18CBD1A2005D82A2 /* BitnashKit.framework */;
			productType = "com.apple.product-type.framework";
		};
		DC90333418CBD1A2005D82A2 /* BitnashKitTests */ = {
			isa = PBXNativeTarget;
			buildConfigurationList = DC90334918CBD1A2005D82A2 /* Build configuration list for PBXNativeTarget "BitnashKitTests" */;
			buildPhases = (
				DC90333118CBD1A2005D82A2 /* Sources */,
				DC90333218CBD1A2005D82A2 /* Frameworks */,
				DC90333318CBD1A2005D82A2 /* Resources */,
			);
			buildRules = (
			);
			dependencies = (
				DC90333A18CBD1A2005D82A2 /* PBXTargetDependency */,
			);
			name = BitnashKitTests;
			productName = BitnashKitTests;
			productReference = DC90333518CBD1A2005D82A2 /* BitnashKitTests.xctest */;
			productType = "com.apple.product-type.bundle.unit-test";
		};
/* End PBXNativeTarget section */

/* Begin PBXProject section */
		DC90331518CBD1A2005D82A2 /* Project object */ = {
			isa = PBXProject;
			attributes = {
				LastUpgradeCheck = 0500;
				ORGANIZATIONNAME = Bitmarkets;
				TargetAttributes = {
					DC90333418CBD1A2005D82A2 = {
						TestTargetID = DC90331D18CBD1A2005D82A2;
					};
				};
			};
			buildConfigurationList = DC90331818CBD1A2005D82A2 /* Build configuration list for PBXProject "BitnashKit" */;
			compatibilityVersion = "Xcode 3.2";
			developmentRegion = English;
			hasScannedForEncodings = 0;
			knownRegions = (
				en,
			);
			mainGroup = DC90331418CBD1A2005D82A2;
			productRefGroup = DC90331F18CBD1A2005D82A2 /* Products */;
			projectDirPath = "";
			projectReferences = (
				{
					ProductGroup = DC9C8D1C191435EB008F4B63 /* Products */;
					ProjectRef = DC9C8D1B191435EB008F4B63 /* NavKit.xcodeproj */;
				},
			);
			projectRoot = "";
			targets = (
				DC90331D18CBD1A2005D82A2 /* BitnashKit */,
				DC90333418CBD1A2005D82A2 /* BitnashKitTests */,
			);
		};
/* End PBXProject section */

/* Begin PBXReferenceProxy section */
		DC9C8D24191435EB008F4B63 /* NavKit.framework */ = {
			isa = PBXReferenceProxy;
			fileType = wrapper.framework;
			path = NavKit.framework;
			remoteRef = DC9C8D23191435EB008F4B63 /* PBXContainerItemProxy */;
			sourceTree = BUILT_PRODUCTS_DIR;
		};
		DC9C8D26191435EB008F4B63 /* NavKitTests.xctest */ = {
			isa = PBXReferenceProxy;
			fileType = wrapper.cfbundle;
			path = NavKitTests.xctest;
			remoteRef = DC9C8D25191435EB008F4B63 /* PBXContainerItemProxy */;
			sourceTree = BUILT_PRODUCTS_DIR;
		};
/* End PBXReferenceProxy section */

/* Begin PBXResourcesBuildPhase section */
		DC90331C18CBD1A2005D82A2 /* Resources */ = {
			isa = PBXResourcesBuildPhase;
			buildActionMask = 2147483647;
			files = (
				DC350EEC191612C200C25A01 /* checkpoints-testnet in Resources */,
				DC350EEA1916062100C25A01 /* checkpoints in Resources */,
				DC5A24891910606900D48B14 /* bitcoinj.jar in Resources */,
				DCE5E28D190B034D0005396A /* json-simple-1.1.1.jar in Resources */,
				DCE5E28E190B034D0005396A /* slf4j-simple-1.7.6.jar in Resources */,
				DC90332C18CBD1A2005D82A2 /* InfoPlist.strings in Resources */,
				DCE5E28B190B02FF0005396A /* org in Resources */,
			);
			runOnlyForDeploymentPostprocessing = 0;
		};
		DC90333318CBD1A2005D82A2 /* Resources */ = {
			isa = PBXResourcesBuildPhase;
			buildActionMask = 2147483647;
			files = (
				DC90334118CBD1A2005D82A2 /* InfoPlist.strings in Resources */,
			);
			runOnlyForDeploymentPostprocessing = 0;
		};
/* End PBXResourcesBuildPhase section */

/* Begin PBXSourcesBuildPhase section */
		DC90331918CBD1A2005D82A2 /* Sources */ = {
			isa = PBXSourcesBuildPhase;
			buildActionMask = 2147483647;
			files = (
				DCD10B1F18E218F60001B6F4 /* BNMultisigScriptSig.m in Sources */,
				AA09C87B192FEA0D00317130 /* BNWithdrawl.m in Sources */,
				DCF1CC0318FF20FE00AE815A /* BNObject.m in Sources */,
				DC350EBB1914420000C25A01 /* BNKeysNode.m in Sources */,
				DCD906F418E0DF3600342231 /* BNTx.m in Sources */,
				AA753DCC191079DA00D07CB5 /* split.c in Sources */,
				DCE23FBF18CC326000F64729 /* BNScriptPubKey.m in Sources */,
				DC90334F18CBD213005D82A2 /* BNWallet.m in Sources */,
				DCE23FB718CC314900F64729 /* BNTxOut.m in Sources */,
				AA753DC8191079DA00D07CB5 /* qrspec.c in Sources */,
				DCE23FC718CC36C900F64729 /* BNScriptSig.m in Sources */,
				DC261F4318CD21FB005328DA /* NSDictionary+BNJSON.m in Sources */,
				DC261F3F18CD20A4005328DA /* NSArray+BNJSON.m in Sources */,
				DCE23FBB18CC316B00F64729 /* BNTxIn.m in Sources */,
				AA753DC0191079DA00D07CB5 /* bitstream.c in Sources */,
				DCD10B2318E219A10001B6F4 /* BNPayToAddressScriptSig.m in Sources */,
				DCE3D9CF18CD72A20098DE31 /* BNPayToAddressScriptPubKey.m in Sources */,
				DCAB5D15192C58BB0090BB69 /* BNDepositKey.m in Sources */,
				DCE23FC318CC329600F64729 /* BNMultisigScriptPubKey.m in Sources */,
				DC350EB5191439FD00C25A01 /* BNTransactionsNode.m in Sources */,
				DCA62FB118CD2FEC00475735 /* BNServer.m in Sources */,
				AAB2809F19201B5F005C9D27 /* NSNumber+Bitnash.m in Sources */,
				DC2AEAAB192FF4F6004BB65E /* BNMetaDataDb.m in Sources */,
				AA753DC6191079DA00D07CB5 /* qrinput.c in Sources */,
				AA753DCA191079DA00D07CB5 /* rscode.c in Sources */,
				AA753DD2191079DA00D07CB5 /* QRCodeGenerator.m in Sources */,
				DC4F2FB219039CD0008803F7 /* NSNull+BNJSON.m in Sources */,
				DC6161B018CFBF7900F7B602 /* NSString+BNJSON.m in Sources */,
				AA753DC2191079DA00D07CB5 /* mask.c in Sources */,
				DC261F3B18CD1FEC005328DA /* NSObject+BNJSON.m in Sources */,
				DCB016D2191316730064F540 /* BNKey.m in Sources */,
				AA753DC4191079DA00D07CB5 /* qrencode.c in Sources */,
				DCF1CBFC18FF01CC00AE815A /* BNError.m in Sources */,
			);
			runOnlyForDeploymentPostprocessing = 0;
		};
		DC90333118CBD1A2005D82A2 /* Sources */ = {
			isa = PBXSourcesBuildPhase;
			buildActionMask = 2147483647;
			files = (
				DC90334318CBD1A2005D82A2 /* BitnashKitTests.m in Sources */,
			);
			runOnlyForDeploymentPostprocessing = 0;
		};
/* End PBXSourcesBuildPhase section */

/* Begin PBXTargetDependency section */
		DC90333A18CBD1A2005D82A2 /* PBXTargetDependency */ = {
			isa = PBXTargetDependency;
			target = DC90331D18CBD1A2005D82A2 /* BitnashKit */;
			targetProxy = DC90333918CBD1A2005D82A2 /* PBXContainerItemProxy */;
		};
/* End PBXTargetDependency section */

/* Begin PBXVariantGroup section */
		DC90332A18CBD1A2005D82A2 /* InfoPlist.strings */ = {
			isa = PBXVariantGroup;
			children = (
				DC90332B18CBD1A2005D82A2 /* en */,
			);
			name = InfoPlist.strings;
			sourceTree = "<group>";
		};
		DC90333F18CBD1A2005D82A2 /* InfoPlist.strings */ = {
			isa = PBXVariantGroup;
			children = (
				DC90334018CBD1A2005D82A2 /* en */,
			);
			name = InfoPlist.strings;
			sourceTree = "<group>";
		};
/* End PBXVariantGroup section */

/* Begin XCBuildConfiguration section */
		DC90334418CBD1A2005D82A2 /* Debug */ = {
			isa = XCBuildConfiguration;
			buildSettings = {
				ALWAYS_SEARCH_USER_PATHS = NO;
				CLANG_CXX_LANGUAGE_STANDARD = "gnu++0x";
				CLANG_CXX_LIBRARY = "libc++";
				CLANG_ENABLE_OBJC_ARC = YES;
				CLANG_WARN_BOOL_CONVERSION = YES;
				CLANG_WARN_CONSTANT_CONVERSION = YES;
				CLANG_WARN_DIRECT_OBJC_ISA_USAGE = YES_ERROR;
				CLANG_WARN_EMPTY_BODY = YES;
				CLANG_WARN_ENUM_CONVERSION = YES;
				CLANG_WARN_INT_CONVERSION = YES;
				CLANG_WARN_OBJC_ROOT_CLASS = YES_ERROR;
				CLANG_WARN__DUPLICATE_METHOD_MATCH = YES;
				COPY_PHASE_STRIP = NO;
				GCC_C_LANGUAGE_STANDARD = gnu99;
				GCC_DYNAMIC_NO_PIC = NO;
				GCC_ENABLE_OBJC_EXCEPTIONS = YES;
				GCC_OPTIMIZATION_LEVEL = 0;
				GCC_PREPROCESSOR_DEFINITIONS = (
					"DEBUG=1",
					"$(inherited)",
				);
				GCC_SYMBOLS_PRIVATE_EXTERN = NO;
				GCC_WARN_64_TO_32_BIT_CONVERSION = YES;
				GCC_WARN_ABOUT_RETURN_TYPE = YES_ERROR;
				GCC_WARN_UNDECLARED_SELECTOR = YES;
				GCC_WARN_UNINITIALIZED_AUTOS = YES;
				GCC_WARN_UNUSED_FUNCTION = YES;
				GCC_WARN_UNUSED_VARIABLE = YES;
				MACOSX_DEPLOYMENT_TARGET = 10.9;
				ONLY_ACTIVE_ARCH = YES;
				SDKROOT = macosx;
			};
			name = Debug;
		};
		DC90334518CBD1A2005D82A2 /* Release */ = {
			isa = XCBuildConfiguration;
			buildSettings = {
				ALWAYS_SEARCH_USER_PATHS = NO;
				CLANG_CXX_LANGUAGE_STANDARD = "gnu++0x";
				CLANG_CXX_LIBRARY = "libc++";
				CLANG_ENABLE_OBJC_ARC = YES;
				CLANG_WARN_BOOL_CONVERSION = YES;
				CLANG_WARN_CONSTANT_CONVERSION = YES;
				CLANG_WARN_DIRECT_OBJC_ISA_USAGE = YES_ERROR;
				CLANG_WARN_EMPTY_BODY = YES;
				CLANG_WARN_ENUM_CONVERSION = YES;
				CLANG_WARN_INT_CONVERSION = YES;
				CLANG_WARN_OBJC_ROOT_CLASS = YES_ERROR;
				CLANG_WARN__DUPLICATE_METHOD_MATCH = YES;
				COPY_PHASE_STRIP = YES;
				DEBUG_INFORMATION_FORMAT = "dwarf-with-dsym";
				ENABLE_NS_ASSERTIONS = NO;
				GCC_C_LANGUAGE_STANDARD = gnu99;
				GCC_ENABLE_OBJC_EXCEPTIONS = YES;
				GCC_WARN_64_TO_32_BIT_CONVERSION = YES;
				GCC_WARN_ABOUT_RETURN_TYPE = YES_ERROR;
				GCC_WARN_UNDECLARED_SELECTOR = YES;
				GCC_WARN_UNINITIALIZED_AUTOS = YES;
				GCC_WARN_UNUSED_FUNCTION = YES;
				GCC_WARN_UNUSED_VARIABLE = YES;
				MACOSX_DEPLOYMENT_TARGET = 10.9;
				SDKROOT = macosx;
			};
			name = Release;
		};
		DC90334718CBD1A2005D82A2 /* Debug */ = {
			isa = XCBuildConfiguration;
			buildSettings = {
				COMBINE_HIDPI_IMAGES = YES;
				DYLIB_COMPATIBILITY_VERSION = 1;
				DYLIB_CURRENT_VERSION = 1;
				FRAMEWORK_SEARCH_PATHS = (
					"$(inherited)",
					"$(USER_LIBRARY_DIR)/Developer/Xcode/DerivedData/BitMarkets-cudzravdfeuhswevrvyvukbewtcc/Build/Products/Debug",
					"$(USER_LIBRARY_DIR)/Developer/Xcode/DerivedData/BitMarkets-eenrgxhlyrwgqccvbetldvfypzkj/Build/Products/Debug",
				);
				FRAMEWORK_VERSION = A;
				GCC_PRECOMPILE_PREFIX_HEADER = YES;
				GCC_PREFIX_HEADER = "BitnashKit/BitnashKit-Prefix.pch";
				INFOPLIST_FILE = "BitnashKit/BitnashKit-Info.plist";
				INSTALL_PATH = "@executable_path/../Frameworks";
				PRODUCT_NAME = "$(TARGET_NAME)";
				WRAPPER_EXTENSION = framework;
			};
			name = Debug;
		};
		DC90334818CBD1A2005D82A2 /* Release */ = {
			isa = XCBuildConfiguration;
			buildSettings = {
				COMBINE_HIDPI_IMAGES = YES;
				DYLIB_COMPATIBILITY_VERSION = 1;
				DYLIB_CURRENT_VERSION = 1;
				FRAMEWORK_SEARCH_PATHS = (
					"$(inherited)",
					"$(USER_LIBRARY_DIR)/Developer/Xcode/DerivedData/BitMarkets-cudzravdfeuhswevrvyvukbewtcc/Build/Products/Debug",
					"$(USER_LIBRARY_DIR)/Developer/Xcode/DerivedData/BitMarkets-eenrgxhlyrwgqccvbetldvfypzkj/Build/Products/Debug",
				);
				FRAMEWORK_VERSION = A;
				GCC_PRECOMPILE_PREFIX_HEADER = YES;
				GCC_PREFIX_HEADER = "BitnashKit/BitnashKit-Prefix.pch";
				INFOPLIST_FILE = "BitnashKit/BitnashKit-Info.plist";
				INSTALL_PATH = "@executable_path/../Frameworks";
				PRODUCT_NAME = "$(TARGET_NAME)";
				WRAPPER_EXTENSION = framework;
			};
			name = Release;
		};
		DC90334A18CBD1A2005D82A2 /* Debug */ = {
			isa = XCBuildConfiguration;
			buildSettings = {
				BUNDLE_LOADER = "$(BUILT_PRODUCTS_DIR)/BitnashKit.framework/Versions/A/BitnashKit";
				COMBINE_HIDPI_IMAGES = YES;
				FRAMEWORK_SEARCH_PATHS = (
					"$(DEVELOPER_FRAMEWORKS_DIR)",
					"$(inherited)",
				);
				GCC_PRECOMPILE_PREFIX_HEADER = YES;
				GCC_PREFIX_HEADER = "BitnashKit/BitnashKit-Prefix.pch";
				GCC_PREPROCESSOR_DEFINITIONS = (
					"DEBUG=1",
					"$(inherited)",
				);
				INFOPLIST_FILE = "BitnashKitTests/BitnashKitTests-Info.plist";
				PRODUCT_NAME = "$(TARGET_NAME)";
				TEST_HOST = "$(BUNDLE_LOADER)";
				WRAPPER_EXTENSION = xctest;
			};
			name = Debug;
		};
		DC90334B18CBD1A2005D82A2 /* Release */ = {
			isa = XCBuildConfiguration;
			buildSettings = {
				BUNDLE_LOADER = "$(BUILT_PRODUCTS_DIR)/BitnashKit.framework/Versions/A/BitnashKit";
				COMBINE_HIDPI_IMAGES = YES;
				FRAMEWORK_SEARCH_PATHS = (
					"$(DEVELOPER_FRAMEWORKS_DIR)",
					"$(inherited)",
				);
				GCC_PRECOMPILE_PREFIX_HEADER = YES;
				GCC_PREFIX_HEADER = "BitnashKit/BitnashKit-Prefix.pch";
				INFOPLIST_FILE = "BitnashKitTests/BitnashKitTests-Info.plist";
				PRODUCT_NAME = "$(TARGET_NAME)";
				TEST_HOST = "$(BUNDLE_LOADER)";
				WRAPPER_EXTENSION = xctest;
			};
			name = Release;
		};
/* End XCBuildConfiguration section */

/* Begin XCConfigurationList section */
		DC90331818CBD1A2005D82A2 /* Build configuration list for PBXProject "BitnashKit" */ = {
			isa = XCConfigurationList;
			buildConfigurations = (
				DC90334418CBD1A2005D82A2 /* Debug */,
				DC90334518CBD1A2005D82A2 /* Release */,
			);
			defaultConfigurationIsVisible = 0;
			defaultConfigurationName = Release;
		};
		DC90334618CBD1A2005D82A2 /* Build configuration list for PBXNativeTarget "BitnashKit" */ = {
			isa = XCConfigurationList;
			buildConfigurations = (
				DC90334718CBD1A2005D82A2 /* Debug */,
				DC90334818CBD1A2005D82A2 /* Release */,
			);
			defaultConfigurationIsVisible = 0;
			defaultConfigurationName = Release;
		};
		DC90334918CBD1A2005D82A2 /* Build configuration list for PBXNativeTarget "BitnashKitTests" */ = {
			isa = XCConfigurationList;
			buildConfigurations = (
				DC90334A18CBD1A2005D82A2 /* Debug */,
				DC90334B18CBD1A2005D82A2 /* Release */,
			);
			defaultConfigurationIsVisible = 0;
			defaultConfigurationName = Release;
		};
/* End XCConfigurationList section */
	};
	rootObject = DC90331518CBD1A2005D82A2 /* Project object */;
}
